
Microsoft Visual Studio Solution File, Format Version 12.00
# Visual Studio Version 17
VisualStudioVersion = 17.9.34714.143
MinimumVisualStudioVersion = 10.0.40219.1
Project("{FAE04EC0-301F-11D3-BF4B-00C04F79EFBC}") = "YMM_PolarDistortion", "YMM_PolarDistortion\YMM_PolarDistortion.csproj", "{CDB038B7-777A-486D-A707-E9D9D056CB1F}"
EndProject
Global
	GlobalSection(SolutionConfigurationPlatforms) = preSolution
		Debug|Any CPU = Debug|Any CPU
		Release|Any CPU = Release|Any CPU
	EndGlobalSection
	GlobalSection(ProjectConfigurationPlatforms) = postSolution
		{CDB038B7-777A-486D-A707-E9D9D056CB1F}.Debug|Any CPU.ActiveCfg = Debug|Any CPU
		{CDB038B7-777A-486D-A707-E9D9D056CB1F}.Debug|Any CPU.Build.0 = Debug|Any CPU
		{CDB038B7-777A-486D-A707-E9D9D056CB1F}.Release|Any CPU.ActiveCfg = Release|Any CPU
		{CDB038B7-777A-486D-A707-E9D9D056CB1F}.Release|Any CPU.Build.0 = Release|Any CPU
	EndGlobalSection
	GlobalSection(SolutionProperties) = preSolution
		HideSolutionNode = FALSE
	EndGlobalSection
	GlobalSection(ExtensibilityGlobals) = postSolution
		SolutionGuid = {0DDA6ADD-61CA-4697-8E69-4349D4953BFE}
	EndGlobalSection
EndGlobal
